{
  "name": "npm-release-test-workspace",
  "lockfileVersion": 3,
  "requires": true,
  "packages": {
    "": {
      "name": "npm-release-test-workspace",
      "workspaces": [
        "packages/*"
      ]
    },
    "node_modules/@holochain/npm-release-test": {
      "resolved": "packages/npm-release-test",
      "link": true
    },
    "node_modules/@holochain/npm-release-test-2": {
      "resolved": "packages/npm-release-test-2",
      "link": true
    },
    "packages/npm-release-test": {
      "name": "@holochain/npm-release-test",
      "version": "0.0.7",
      "license": "Unlicense"
    },
    "packages/npm-release-test-2": {
      "name": "@holochain/npm-release-test-2",
      "version": "0.0.7",
      "license": "Unlicense"
    }
  }
}
